
Microsoft Visual Studio Solution File, Format Version 12.00
# Visual Studio Version 16
VisualStudioVersion = 16.0.29306.81
MinimumVisualStudioVersion = 10.0.40219.1
Project("{9A19103F-16F7-4668-BE54-9A1E7A4F7556}") = "MVC-App", "MVC-App\MVC-App.csproj", "{E33C12DC-DC0C-46DC-8131-F28EB4645864}"
EndProject
Project("{9A19103F-16F7-4668-BE54-9A1E7A4F7556}") = "siccar-cache", "..\..\SDK\Siccar-CS-SDK\siccar-cache\siccar-cache.csproj", "{E0D8E52A-A843-499B-A47C-AFE2DFBF3231}"
EndProject
Project("{9A19103F-16F7-4668-BE54-9A1E7A4F7556}") = "siccar-connector", "..\..\SDK\Siccar-CS-SDK\siccar-connector\siccar-connector.csproj", "{BE1C21C0-613F-4A1D-A354-68912B6DB15C}"
EndProject
Project("{9A19103F-16F7-4668-BE54-9A1E7A4F7556}") = "siccar-form-manager", "..\..\SDK\Siccar-CS-SDK\siccar-form-manager\siccar-form-manager.csproj", "{82DFE276-AD70-4F2C-9E63-D0D5515EBE71}"
EndProject
Project("{9A19103F-16F7-4668-BE54-9A1E7A4F7556}") = "siccar-models", "..\..\SDK\Siccar-CS-SDK\siccar-models\siccar-models.csproj", "{EC3E8F3E-47FB-4693-982F-C10C240B0766}"
EndProject
Project("{9A19103F-16F7-4668-BE54-9A1E7A4F7556}") = "siccar-msal", "..\..\SDK\Siccar-CS-SDK\siccar-msal\siccar-msal.csproj", "{7702DA72-5BCE-42A6-B482-0F07CF9EF3B3}"
EndProject
Global
	GlobalSection(SolutionConfigurationPlatforms) = preSolution
		Debug|Any CPU = Debug|Any CPU
		Release|Any CPU = Release|Any CPU
	EndGlobalSection
	GlobalSection(ProjectConfigurationPlatforms) = postSolution
		{E33C12DC-DC0C-46DC-8131-F28EB4645864}.Debug|Any CPU.ActiveCfg = Debug|Any CPU
		{E33C12DC-DC0C-46DC-8131-F28EB4645864}.Debug|Any CPU.Build.0 = Debug|Any CPU
		{E33C12DC-DC0C-46DC-8131-F28EB4645864}.Release|Any CPU.ActiveCfg = Release|Any CPU
		{E33C12DC-DC0C-46DC-8131-F28EB4645864}.Release|Any CPU.Build.0 = Release|Any CPU
		{E0D8E52A-A843-499B-A47C-AFE2DFBF3231}.Debug|Any CPU.ActiveCfg = Debug|Any CPU
		{E0D8E52A-A843-499B-A47C-AFE2DFBF3231}.Debug|Any CPU.Build.0 = Debug|Any CPU
		{E0D8E52A-A843-499B-A47C-AFE2DFBF3231}.Release|Any CPU.ActiveCfg = Release|Any CPU
		{E0D8E52A-A843-499B-A47C-AFE2DFBF3231}.Release|Any CPU.Build.0 = Release|Any CPU
		{BE1C21C0-613F-4A1D-A354-68912B6DB15C}.Debug|Any CPU.ActiveCfg = Debug|Any CPU
		{BE1C21C0-613F-4A1D-A354-68912B6DB15C}.Debug|Any CPU.Build.0 = Debug|Any CPU
		{BE1C21C0-613F-4A1D-A354-68912B6DB15C}.Release|Any CPU.ActiveCfg = Release|Any CPU
		{BE1C21C0-613F-4A1D-A354-68912B6DB15C}.Release|Any CPU.Build.0 = Release|Any CPU
		{82DFE276-AD70-4F2C-9E63-D0D5515EBE71}.Debug|Any CPU.ActiveCfg = Debug|Any CPU
		{82DFE276-AD70-4F2C-9E63-D0D5515EBE71}.Debug|Any CPU.Build.0 = Debug|Any CPU
		{82DFE276-AD70-4F2C-9E63-D0D5515EBE71}.Release|Any CPU.ActiveCfg = Release|Any CPU
		{82DFE276-AD70-4F2C-9E63-D0D5515EBE71}.Release|Any CPU.Build.0 = Release|Any CPU
		{EC3E8F3E-47FB-4693-982F-C10C240B0766}.Debug|Any CPU.ActiveCfg = Debug|Any CPU
		{EC3E8F3E-47FB-4693-982F-C10C240B0766}.Debug|Any CPU.Build.0 = Debug|Any CPU
		{EC3E8F3E-47FB-4693-982F-C10C240B0766}.Release|Any CPU.ActiveCfg = Release|Any CPU
		{EC3E8F3E-47FB-4693-982F-C10C240B0766}.Release|Any CPU.Build.0 = Release|Any CPU
		{7702DA72-5BCE-42A6-B482-0F07CF9EF3B3}.Debug|Any CPU.ActiveCfg = Debug|Any CPU
		{7702DA72-5BCE-42A6-B482-0F07CF9EF3B3}.Debug|Any CPU.Build.0 = Debug|Any CPU
		{7702DA72-5BCE-42A6-B482-0F07CF9EF3B3}.Release|Any CPU.ActiveCfg = Release|Any CPU
		{7702DA72-5BCE-42A6-B482-0F07CF9EF3B3}.Release|Any CPU.Build.0 = Release|Any CPU
	EndGlobalSection
	GlobalSection(SolutionProperties) = preSolution
		HideSolutionNode = FALSE
	EndGlobalSection
	GlobalSection(ExtensibilityGlobals) = postSolution
		SolutionGuid = {EDA6AA49-6D8F-4051-9B51-B3F95C289F57}
	EndGlobalSection
EndGlobal
